
Microsoft Visual Studio Solution File, Format Version 12.00
# Visual Studio Version 17
VisualStudioVersion = 17.9.34723.18
MinimumVisualStudioVersion = 10.0.40219.1
Project("{888888A0-9F3D-457C-B088-3A5042F75D52}") = "P_Tb_A_First_InList", "P_Tb_A_First_InList.pyproj", "{852CF06F-1F3D-4C97-B883-B4FA6AD393C7}"
EndProject
Global
	GlobalSection(SolutionConfigurationPlatforms) = preSolution
		Debug|Any CPU = Debug|Any CPU
		Release|Any CPU = Release|Any CPU
	EndGlobalSection
	GlobalSection(ProjectConfigurationPlatforms) = postSolution
		{852CF06F-1F3D-4C97-B883-B4FA6AD393C7}.Debug|Any CPU.ActiveCfg = Debug|Any CPU
		{852CF06F-1F3D-4C97-B883-B4FA6AD393C7}.Release|Any CPU.ActiveCfg = Release|Any CPU
	EndGlobalSection
	GlobalSection(SolutionProperties) = preSolution
		HideSolutionNode = FALSE
	EndGlobalSection
	GlobalSection(ExtensibilityGlobals) = postSolution
		SolutionGuid = {7042BDD4-E482-4164-A710-D6E5549D7C46}
	EndGlobalSection
EndGlobal
